// !$*UTF8*$!
{
	archiveVersion = 1;
	classes = {
	};
	objectVersion = 55;
	objects = {

/* Begin PBXBuildFile section */
		DEA37ECF279C0D110020637D /* AppDelegate.swift in Sources */ = {isa = PBXBuildFile; fileRef = DEA37ECE279C0D110020637D /* AppDelegate.swift */; };
		DEA37ED1279C0D110020637D /* SceneDelegate.swift in Sources */ = {isa = PBXBuildFile; fileRef = DEA37ED0279C0D110020637D /* SceneDelegate.swift */; };
		DEA37ED3279C0D110020637D /* ViewController.swift in Sources */ = {isa = PBXBuildFile; fileRef = DEA37ED2279C0D110020637D /* ViewController.swift */; };
		DEA37ED6279C0D110020637D /* Main.storyboard in Resources */ = {isa = PBXBuildFile; fileRef = DEA37ED4279C0D110020637D /* Main.storyboard */; };
		DEA37ED8279C0D110020637D /* Assets.xcassets in Resources */ = {isa = PBXBuildFile; fileRef = DEA37ED7279C0D110020637D /* Assets.xcassets */; };
		DEA37EDB279C0D110020637D /* LaunchScreen.storyboard in Resources */ = {isa = PBXBuildFile; fileRef = DEA37ED9279C0D110020637D /* LaunchScreen.storyboard */; };
		DEA37EE3279C0FD50020637D /* Diary.storyboard in Resources */ = {isa = PBXBuildFile; fileRef = DEA37EE2279C0FD50020637D /* Diary.storyboard */; };
		DEA37EE7279C10850020637D /* DiaryViewController.swift in Sources */ = {isa = PBXBuildFile; fileRef = DEA37EE6279C10850020637D /* DiaryViewController.swift */; };
		DEA37EE9279C13030020637D /* PasswordChange.storyboard in Resources */ = {isa = PBXBuildFile; fileRef = DEA37EE8279C13030020637D /* PasswordChange.storyboard */; };
		DEA37EEB279C14EA0020637D /* PasswordChangeViewController.swift in Sources */ = {isa = PBXBuildFile; fileRef = DEA37EEA279C14EA0020637D /* PasswordChangeViewController.swift */; };
		DEA37EED279C16FC0020637D /* Keychain.swift in Sources */ = {isa = PBXBuildFile; fileRef = DEA37EEC279C16FC0020637D /* Keychain.swift */; };
		DEA37EEF279C1EB60020637D /* KeychainError.swift in Sources */ = {isa = PBXBuildFile; fileRef = DEA37EEE279C1EB60020637D /* KeychainError.swift */; };
		DEA37EF1279C40AF0020637D /* UIViewController+extension.swift in Sources */ = {isa = PBXBuildFile; fileRef = DEA37EF0279C40AF0020637D /* UIViewController+extension.swift */; };
/* End PBXBuildFile section */

/* Begin PBXFileReference section */
		DEA37ECB279C0D110020637D /* WeekPracticeKeychain.app */ = {isa = PBXFileReference; explicitFileType = wrapper.application; includeInIndex = 0; path = WeekPracticeKeychain.app; sourceTree = BUILT_PRODUCTS_DIR; };
		DEA37ECE279C0D110020637D /* AppDelegate.swift */ = {isa = PBXFileReference; lastKnownFileType = sourcecode.swift; path = AppDelegate.swift; sourceTree = "<group>"; };
		DEA37ED0279C0D110020637D /* SceneDelegate.swift */ = {isa = PBXFileReference; lastKnownFileType = sourcecode.swift; path = SceneDelegate.swift; sourceTree = "<group>"; };
		DEA37ED2279C0D110020637D /* ViewController.swift */ = {isa = PBXFileReference; lastKnownFileType = sourcecode.swift; path = ViewController.swift; sourceTree = "<group>"; };
		DEA37ED5279C0D110020637D /* Base */ = {isa = PBXFileReference; lastKnownFileType = file.storyboard; name = Base; path = Base.lproj/Main.storyboard; sourceTree = "<group>"; };
		DEA37ED7279C0D110020637D /* Assets.xcassets */ = {isa = PBXFileReference; lastKnownFileType = folder.assetcatalog; path = Assets.xcassets; sourceTree = "<group>"; };
		DEA37EDA279C0D110020637D /* Base */ = {isa = PBXFileReference; lastKnownFileType = file.storyboard; name = Base; path = Base.lproj/LaunchScreen.storyboard; sourceTree = "<group>"; };
		DEA37EDC279C0D110020637D /* Info.plist */ = {isa = PBXFileReference; lastKnownFileType = text.plist.xml; path = Info.plist; sourceTree = "<group>"; };
		DEA37EE2279C0FD50020637D /* Diary.storyboard */ = {isa = PBXFileReference; lastKnownFileType = file.storyboard; path = Diary.storyboard; sourceTree = "<group>"; };
		DEA37EE6279C10850020637D /* DiaryViewController.swift */ = {isa = PBXFileReference; lastKnownFileType = sourcecode.swift; path = DiaryViewController.swift; sourceTree = "<group>"; };
		DEA37EE8279C13030020637D /* PasswordChange.storyboard */ = {isa = PBXFileReference; lastKnownFileType = file.storyboard; path = PasswordChange.storyboard; sourceTree = "<group>"; };
		DEA37EEA279C14EA0020637D /* PasswordChangeViewController.swift */ = {isa = PBXFileReference; lastKnownFileType = sourcecode.swift; path = PasswordChangeViewController.swift; sourceTree = "<group>"; };
		DEA37EEC279C16FC0020637D /* Keychain.swift */ = {isa = PBXFileReference; lastKnownFileType = sourcecode.swift; path = Keychain.swift; sourceTree = "<group>"; };
		DEA37EEE279C1EB60020637D /* KeychainError.swift */ = {isa = PBXFileReference; lastKnownFileType = sourcecode.swift; path = KeychainError.swift; sourceTree = "<group>"; };
		DEA37EF0279C40AF0020637D /* UIViewController+extension.swift */ = {isa = PBXFileReference; lastKnownFileType = sourcecode.swift; path = "UIViewController+extension.swift"; sourceTree = "<group>"; };
/* End PBXFileReference section */

/* Begin PBXFrameworksBuildPhase section */
		DEA37EC8279C0D110020637D /* Frameworks */ = {
			isa = PBXFrameworksBuildPhase;
			buildActionMask = 2147483647;
			files = (
			);
			runOnlyForDeploymentPostprocessing = 0;
		};
/* End PBXFrameworksBuildPhase section */

/* Begin PBXGroup section */
		DEA37EC2279C0D110020637D = {
			isa = PBXGroup;
			children = (
				DEA37ECD279C0D110020637D /* WeekPracticeKeychain */,
				DEA37ECC279C0D110020637D /* Products */,
			);
			sourceTree = "<group>";
		};
		DEA37ECC279C0D110020637D /* Products */ = {
			isa = PBXGroup;
			children = (
				DEA37ECB279C0D110020637D /* WeekPracticeKeychain.app */,
			);
			name = Products;
			sourceTree = "<group>";
		};
		DEA37ECD279C0D110020637D /* WeekPracticeKeychain */ = {
			isa = PBXGroup;
			children = (
				DEA37ECE279C0D110020637D /* AppDelegate.swift */,
				DEA37ED0279C0D110020637D /* SceneDelegate.swift */,
				DEA37ED2279C0D110020637D /* ViewController.swift */,
				DEA37EE6279C10850020637D /* DiaryViewController.swift */,
				DEA37EEA279C14EA0020637D /* PasswordChangeViewController.swift */,
				DEA37EEC279C16FC0020637D /* Keychain.swift */,
				DEA37EEE279C1EB60020637D /* KeychainError.swift */,
				DEA37ED4279C0D110020637D /* Main.storyboard */,
				DEA37EE8279C13030020637D /* PasswordChange.storyboard */,
				DEA37EE2279C0FD50020637D /* Diary.storyboard */,
				DEA37ED7279C0D110020637D /* Assets.xcassets */,
				DEA37ED9279C0D110020637D /* LaunchScreen.storyboard */,
				DEA37EDC279C0D110020637D /* Info.plist */,
				DEA37EF0279C40AF0020637D /* UIViewController+extension.swift */,
			);
			path = WeekPracticeKeychain;
			sourceTree = "<group>";
		};
/* End PBXGroup section */

/* Begin PBXNativeTarget section */
		DEA37ECA279C0D110020637D /* WeekPracticeKeychain */ = {
			isa = PBXNativeTarget;
			buildConfigurationList = DEA37EDF279C0D110020637D /* Build configuration list for PBXNativeTarget "WeekPracticeKeychain" */;
			buildPhases = (
				DEA37EC7279C0D110020637D /* Sources */,
				DEA37EC8279C0D110020637D /* Frameworks */,
				DEA37EC9279C0D110020637D /* Resources */,
			);
			buildRules = (
			);
			dependencies = (
			);
			name = WeekPracticeKeychain;
			productName = WeekPracticeKeychain;
			productReference = DEA37ECB279C0D110020637D /* WeekPracticeKeychain.app */;
			productType = "com.apple.product-type.application";
		};
/* End PBXNativeTarget section */

/* Begin PBXProject section */
		DEA37EC3279C0D110020637D /* Project object */ = {
			isa = PBXProject;
			attributes = {
				BuildIndependentTargetsInParallel = 1;
				LastSwiftUpdateCheck = 1300;
				LastUpgradeCheck = 1300;
				TargetAttributes = {
					DEA37ECA279C0D110020637D = {
						CreatedOnToolsVersion = 13.0;
					};
				};
			};
			buildConfigurationList = DEA37EC6279C0D110020637D /* Build configuration list for PBXProject "WeekPracticeKeychain" */;
			compatibilityVersion = "Xcode 13.0";
			developmentRegion = en;
			hasScannedForEncodings = 0;
			knownRegions = (
				en,
				Base,
			);
			mainGroup = DEA37EC2279C0D110020637D;
			productRefGroup = DEA37ECC279C0D110020637D /* Products */;
			projectDirPath = "";
			projectRoot = "";
			targets = (
				DEA37ECA279C0D110020637D /* WeekPracticeKeychain */,
			);
		};
/* End PBXProject section */

/* Begin PBXResourcesBuildPhase section */
		DEA37EC9279C0D110020637D /* Resources */ = {
			isa = PBXResourcesBuildPhase;
			buildActionMask = 2147483647;
			files = (
				DEA37EE3279C0FD50020637D /* Diary.storyboard in Resources */,
				DEA37EDB279C0D110020637D /* LaunchScreen.storyboard in Resources */,
				DEA37ED8279C0D110020637D /* Assets.xcassets in Resources */,
				DEA37ED6279C0D110020637D /* Main.storyboard in Resources */,
				DEA37EE9279C13030020637D /* PasswordChange.storyboard in Resources */,
			);
			runOnlyForDeploymentPostprocessing = 0;
		};
/* End PBXResourcesBuildPhase section */

/* Begin PBXSourcesBuildPhase section */
		DEA37EC7279C0D110020637D /* Sources */ = {
			isa = PBXSourcesBuildPhase;
			buildActionMask = 2147483647;
			files = (
				DEA37EF1279C40AF0020637D /* UIViewController+extension.swift in Sources */,
				DEA37EE7279C10850020637D /* DiaryViewController.swift in Sources */,
				DEA37EEF279C1EB60020637D /* KeychainError.swift in Sources */,
				DEA37ED3279C0D110020637D /* ViewController.swift in Sources */,
				DEA37EEB279C14EA0020637D /* PasswordChangeViewController.swift in Sources */,
				DEA37ECF279C0D110020637D /* AppDelegate.swift in Sources */,
				DEA37ED1279C0D110020637D /* SceneDelegate.swift in Sources */,
				DEA37EED279C16FC0020637D /* Keychain.swift in Sources */,
			);
			runOnlyForDeploymentPostprocessing = 0;
		};
/* End PBXSourcesBuildPhase section */

/* Begin PBXVariantGroup section */
		DEA37ED4279C0D110020637D /* Main.storyboard */ = {
			isa = PBXVariantGroup;
			children = (
				DEA37ED5279C0D110020637D /* Base */,
			);
			name = Main.storyboard;
			sourceTree = "<group>";
		};
		DEA37ED9279C0D110020637D /* LaunchScreen.storyboard */ = {
			isa = PBXVariantGroup;
			children = (
				DEA37EDA279C0D110020637D /* Base */,
			);
			name = LaunchScreen.storyboard;
			sourceTree = "<group>";
		};
/* End PBXVariantGroup section */

/* Begin XCBuildConfiguration section */
		DEA37EDD279C0D110020637D /* Debug */ = {
			isa = XCBuildConfiguration;
			buildSettings = {
				ALWAYS_SEARCH_USER_PATHS = NO;
				CLANG_ANALYZER_NONNULL = YES;
				CLANG_ANALYZER_NUMBER_OBJECT_CONVERSION = YES_AGGRESSIVE;
				CLANG_CXX_LANGUAGE_STANDARD = "gnu++17";
				CLANG_CXX_LIBRARY = "libc++";
				CLANG_ENABLE_MODULES = YES;
				CLANG_ENABLE_OBJC_ARC = YES;
				CLANG_ENABLE_OBJC_WEAK = YES;
				CLANG_WARN_BLOCK_CAPTURE_AUTORELEASING = YES;
				CLANG_WARN_BOOL_CONVERSION = YES;
				CLANG_WARN_COMMA = YES;
				CLANG_WARN_CONSTANT_CONVERSION = YES;
				CLANG_WARN_DEPRECATED_OBJC_IMPLEMENTATIONS = YES;
				CLANG_WARN_DIRECT_OBJC_ISA_USAGE = YES_ERROR;
				CLANG_WARN_DOCUMENTATION_COMMENTS = YES;
				CLANG_WARN_EMPTY_BODY = YES;
				CLANG_WARN_ENUM_CONVERSION = YES;
				CLANG_WARN_INFINITE_RECURSION = YES;
				CLANG_WARN_INT_CONVERSION = YES;
				CLANG_WARN_NON_LITERAL_NULL_CONVERSION = YES;
				CLANG_WARN_OBJC_IMPLICIT_RETAIN_SELF = YES;
				CLANG_WARN_OBJC_LITERAL_CONVERSION = YES;
				CLANG_WARN_OBJC_ROOT_CLASS = YES_ERROR;
				CLANG_WARN_QUOTED_INCLUDE_IN_FRAMEWORK_HEADER = YES;
				CLANG_WARN_RANGE_LOOP_ANALYSIS = YES;
				CLANG_WARN_STRICT_PROTOTYPES = YES;
				CLANG_WARN_SUSPICIOUS_MOVE = YES;
				CLANG_WARN_UNGUARDED_AVAILABILITY = YES_AGGRESSIVE;
				CLANG_WARN_UNREACHABLE_CODE = YES;
				CLANG_WARN__DUPLICATE_METHOD_MATCH = YES;
				COPY_PHASE_STRIP = NO;
				DEBUG_INFORMATION_FORMAT = dwarf;
				ENABLE_STRICT_OBJC_MSGSEND = YES;
				ENABLE_TESTABILITY = YES;
				GCC_C_LANGUAGE_STANDARD = gnu11;
				GCC_DYNAMIC_NO_PIC = NO;
				GCC_NO_COMMON_BLOCKS = YES;
				GCC_OPTIMIZATION_LEVEL = 0;
				GCC_PREPROCESSOR_DEFINITIONS = (
					"DEBUG=1",
					"$(inherited)",
				);
				GCC_WARN_64_TO_32_BIT_CONVERSION = YES;
				GCC_WARN_ABOUT_RETURN_TYPE = YES_ERROR;
				GCC_WARN_UNDECLARED_SELECTOR = YES;
				GCC_WARN_UNINITIALIZED_AUTOS = YES_AGGRESSIVE;
				GCC_WARN_UNUSED_FUNCTION = YES;
				GCC_WARN_UNUSED_VARIABLE = YES;
				IPHONEOS_DEPLOYMENT_TARGET = 15.0;
				MTL_ENABLE_DEBUG_INFO = INCLUDE_SOURCE;
				MTL_FAST_MATH = YES;
				ONLY_ACTIVE_ARCH = YES;
				SDKROOT = iphoneos;
				SWIFT_ACTIVE_COMPILATION_CONDITIONS = DEBUG;
				SWIFT_OPTIMIZATION_LEVEL = "-Onone";
			};
			name = Debug;
		};
		DEA37EDE279C0D110020637D /* Release */ = {
			isa = XCBuildConfiguration;
			buildSettings = {
				ALWAYS_SEARCH_USER_PATHS = NO;
				CLANG_ANALYZER_NONNULL = YES;
				CLANG_ANALYZER_NUMBER_OBJECT_CONVERSION = YES_AGGRESSIVE;
				CLANG_CXX_LANGUAGE_STANDARD = "gnu++17";
				CLANG_CXX_LIBRARY = "libc++";
				CLANG_ENABLE_MODULES = YES;
				CLANG_ENABLE_OBJC_ARC = YES;
				CLANG_ENABLE_OBJC_WEAK = YES;
				CLANG_WARN_BLOCK_CAPTURE_AUTORELEASING = YES;
				CLANG_WARN_BOOL_CONVERSION = YES;
				CLANG_WARN_COMMA = YES;
				CLANG_WARN_CONSTANT_CONVERSION = YES;
				CLANG_WARN_DEPRECATED_OBJC_IMPLEMENTATIONS = YES;
				CLANG_WARN_DIRECT_OBJC_ISA_USAGE = YES_ERROR;
				CLANG_WARN_DOCUMENTATION_COMMENTS = YES;
				CLANG_WARN_EMPTY_BODY = YES;
				CLANG_WARN_ENUM_CONVERSION = YES;
				CLANG_WARN_INFINITE_RECURSION = YES;
				CLANG_WARN_INT_CONVERSION = YES;
				CLANG_WARN_NON_LITERAL_NULL_CONVERSION = YES;
				CLANG_WARN_OBJC_IMPLICIT_RETAIN_SELF = YES;
				CLANG_WARN_OBJC_LITERAL_CONVERSION = YES;
				CLANG_WARN_OBJC_ROOT_CLASS = YES_ERROR;
				CLANG_WARN_QUOTED_INCLUDE_IN_FRAMEWORK_HEADER = YES;
				CLANG_WARN_RANGE_LOOP_ANALYSIS = YES;
				CLANG_WARN_STRICT_PROTOTYPES = YES;
				CLANG_WARN_SUSPICIOUS_MOVE = YES;
				CLANG_WARN_UNGUARDED_AVAILABILITY = YES_AGGRESSIVE;
				CLANG_WARN_UNREACHABLE_CODE = YES;
				CLANG_WARN__DUPLICATE_METHOD_MATCH = YES;
				COPY_PHASE_STRIP = NO;
				DEBUG_INFORMATION_FORMAT = "dwarf-with-dsym";
				ENABLE_NS_ASSERTIONS = NO;
				ENABLE_STRICT_OBJC_MSGSEND = YES;
				GCC_C_LANGUAGE_STANDARD = gnu11;
				GCC_NO_COMMON_BLOCKS = YES;
				GCC_WARN_64_TO_32_BIT_CONVERSION = YES;
				GCC_WARN_ABOUT_RETURN_TYPE = YES_ERROR;
				GCC_WARN_UNDECLARED_SELECTOR = YES;
				GCC_WARN_UNINITIALIZED_AUTOS = YES_AGGRESSIVE;
				GCC_WARN_UNUSED_FUNCTION = YES;
				GCC_WARN_UNUSED_VARIABLE = YES;
				IPHONEOS_DEPLOYMENT_TARGET = 15.0;
				MTL_ENABLE_DEBUG_INFO = NO;
				MTL_FAST_MATH = YES;
				SDKROOT = iphoneos;
				SWIFT_COMPILATION_MODE = wholemodule;
				SWIFT_OPTIMIZATION_LEVEL = "-O";
				VALIDATE_PRODUCT = YES;
			};
			name = Release;
		};
		DEA37EE0279C0D110020637D /* Debug */ = {
			isa = XCBuildConfiguration;
			buildSettings = {
				ASSETCATALOG_COMPILER_APPICON_NAME = AppIcon;
				ASSETCATALOG_COMPILER_GLOBAL_ACCENT_COLOR_NAME = AccentColor;
				CODE_SIGN_STYLE = Automatic;
				CURRENT_PROJECT_VERSION = 1;
				GENERATE_INFOPLIST_FILE = YES;
				INFOPLIST_FILE = WeekPracticeKeychain/Info.plist;
				INFOPLIST_KEY_UIApplicationSupportsIndirectInputEvents = YES;
				INFOPLIST_KEY_UILaunchStoryboardName = LaunchScreen;
				INFOPLIST_KEY_UIMainStoryboardFile = Main;
				INFOPLIST_KEY_UISupportedInterfaceOrientations_iPad = "UIInterfaceOrientationPortrait UIInterfaceOrientationPortraitUpsideDown UIInterfaceOrientationLandscapeLeft UIInterfaceOrientationLandscapeRight";
				INFOPLIST_KEY_UISupportedInterfaceOrientations_iPhone = "UIInterfaceOrientationPortrait UIInterfaceOrientationLandscapeLeft UIInterfaceOrientationLandscapeRight";
				LD_RUNPATH_SEARCH_PATHS = (
					"$(inherited)",
					"@executable_path/Frameworks",
				);
				MARKETING_VERSION = 1.0;
				PRODUCT_BUNDLE_IDENTIFIER = net.yagom.WeekPracticeKeychain;
				PRODUCT_NAME = "$(TARGET_NAME)";
				SWIFT_EMIT_LOC_STRINGS = YES;
				SWIFT_VERSION = 5.0;
				TARGETED_DEVICE_FAMILY = "1,2";
			};
			name = Debug;
		};
		DEA37EE1279C0D110020637D /* Release */ = {
			isa = XCBuildConfiguration;
			buildSettings = {
				ASSETCATALOG_COMPILER_APPICON_NAME = AppIcon;
				ASSETCATALOG_COMPILER_GLOBAL_ACCENT_COLOR_NAME = AccentColor;
				CODE_SIGN_STYLE = Automatic;
				CURRENT_PROJECT_VERSION = 1;
				GENERATE_INFOPLIST_FILE = YES;
				INFOPLIST_FILE = WeekPracticeKeychain/Info.plist;
				INFOPLIST_KEY_UIApplicationSupportsIndirectInputEvents = YES;
				INFOPLIST_KEY_UILaunchStoryboardName = LaunchScreen;
				INFOPLIST_KEY_UIMainStoryboardFile = Main;
				INFOPLIST_KEY_UISupportedInterfaceOrientations_iPad = "UIInterfaceOrientationPortrait UIInterfaceOrientationPortraitUpsideDown UIInterfaceOrientationLandscapeLeft UIInterfaceOrientationLandscapeRight";
				INFOPLIST_KEY_UISupportedInterfaceOrientations_iPhone = "UIInterfaceOrientationPortrait UIInterfaceOrientationLandscapeLeft UIInterfaceOrientationLandscapeRight";
				LD_RUNPATH_SEARCH_PATHS = (
					"$(inherited)",
					"@executable_path/Frameworks",
				);
				MARKETING_VERSION = 1.0;
				PRODUCT_BUNDLE_IDENTIFIER = net.yagom.WeekPracticeKeychain;
				PRODUCT_NAME = "$(TARGET_NAME)";
				SWIFT_EMIT_LOC_STRINGS = YES;
				SWIFT_VERSION = 5.0;
				TARGETED_DEVICE_FAMILY = "1,2";
			};
			name = Release;
		};
/* End XCBuildConfiguration section */

/* Begin XCConfigurationList section */
		DEA37EC6279C0D110020637D /* Build configuration list for PBXProject "WeekPracticeKeychain" */ = {
			isa = XCConfigurationList;
			buildConfigurations = (
				DEA37EDD279C0D110020637D /* Debug */,
				DEA37EDE279C0D110020637D /* Release */,
			);
			defaultConfigurationIsVisible = 0;
			defaultConfigurationName = Release;
		};
		DEA37EDF279C0D110020637D /* Build configuration list for PBXNativeTarget "WeekPracticeKeychain" */ = {
			isa = XCConfigurationList;
			buildConfigurations = (
				DEA37EE0279C0D110020637D /* Debug */,
				DEA37EE1279C0D110020637D /* Release */,
			);
			defaultConfigurationIsVisible = 0;
			defaultConfigurationName = Release;
		};
/* End XCConfigurationList section */
	};
	rootObject = DEA37EC3279C0D110020637D /* Project object */;
}
